
Microsoft Visual Studio Solution File, Format Version 12.00
# Visual Studio Version 16
VisualStudioVersion = 16.0.29001.49
MinimumVisualStudioVersion = 10.0.40219.1
Project("{FAE04EC0-301F-11D3-BF4B-00C04F79EFBC}") = "ForLoopProj", "ForLoopProj\ForLoopProj.csproj", "{DD7A8F64-0C0E-4FD1-9650-3B1E5B8D4DF9}"
EndProject
Global
	GlobalSection(SolutionConfigurationPlatforms) = preSolution
		Debug|Any CPU = Debug|Any CPU
		Release|Any CPU = Release|Any CPU
	EndGlobalSection
	GlobalSection(ProjectConfigurationPlatforms) = postSolution
		{DD7A8F64-0C0E-4FD1-9650-3B1E5B8D4DF9}.Debug|Any CPU.ActiveCfg = Debug|Any CPU
		{DD7A8F64-0C0E-4FD1-9650-3B1E5B8D4DF9}.Debug|Any CPU.Build.0 = Debug|Any CPU
		{DD7A8F64-0C0E-4FD1-9650-3B1E5B8D4DF9}.Release|Any CPU.ActiveCfg = Release|Any CPU
		{DD7A8F64-0C0E-4FD1-9650-3B1E5B8D4DF9}.Release|Any CPU.Build.0 = Release|Any CPU
	EndGlobalSection
	GlobalSection(SolutionProperties) = preSolution
		HideSolutionNode = FALSE
	EndGlobalSection
	GlobalSection(ExtensibilityGlobals) = postSolution
		SolutionGuid = {0B703F2E-CE62-40AA-B173-FF6D40117963}
	EndGlobalSection
EndGlobal
